
Microsoft Visual Studio Solution File, Format Version 12.00
Project("{FAE04EC0-301F-11D3-BF4B-00C04F79EFBC}") = "Parcial2", "Parcial2.csproj", "{03B06A46-4DAE-449C-A191-BC5891FAFFD2}"
EndProject
Global
	GlobalSection(SolutionConfigurationPlatforms) = preSolution
		Debug|Any CPU = Debug|Any CPU
		Release|Any CPU = Release|Any CPU
	EndGlobalSection
	GlobalSection(ProjectConfigurationPlatforms) = postSolution
		{03B06A46-4DAE-449C-A191-BC5891FAFFD2}.Debug|Any CPU.ActiveCfg = Debug|Any CPU
		{03B06A46-4DAE-449C-A191-BC5891FAFFD2}.Debug|Any CPU.Build.0 = Debug|Any CPU
		{03B06A46-4DAE-449C-A191-BC5891FAFFD2}.Release|Any CPU.ActiveCfg = Release|Any CPU
		{03B06A46-4DAE-449C-A191-BC5891FAFFD2}.Release|Any CPU.Build.0 = Release|Any CPU
	EndGlobalSection
EndGlobal
