
Microsoft Visual Studio Solution File, Format Version 12.00
Project("{FAE04EC0-301F-11D3-BF4B-00C04F79EFBC}") = "PracticoNoObligatorio", "PracticoNoObligatorio.csproj", "{7083B13F-2211-450D-A722-306053E4D683}"
EndProject
Global
	GlobalSection(SolutionConfigurationPlatforms) = preSolution
		Debug|Any CPU = Debug|Any CPU
		Release|Any CPU = Release|Any CPU
	EndGlobalSection
	GlobalSection(ProjectConfigurationPlatforms) = postSolution
		{7083B13F-2211-450D-A722-306053E4D683}.Debug|Any CPU.ActiveCfg = Debug|Any CPU
		{7083B13F-2211-450D-A722-306053E4D683}.Debug|Any CPU.Build.0 = Debug|Any CPU
		{7083B13F-2211-450D-A722-306053E4D683}.Release|Any CPU.ActiveCfg = Release|Any CPU
		{7083B13F-2211-450D-A722-306053E4D683}.Release|Any CPU.Build.0 = Release|Any CPU
	EndGlobalSection
EndGlobal
