
Microsoft Visual Studio Solution File, Format Version 12.00
# Visual Studio Version 16
VisualStudioVersion = 16.0.31321.278
MinimumVisualStudioVersion = 10.0.40219.1
Project("{FAE04EC0-301F-11D3-BF4B-00C04F79EFBC}") = "gestor_gimnasio", "gestor_gimnasio.csproj", "{9689B2B8-F35B-405A-BFC1-557E8AD1FF95}"
EndProject
Global
	GlobalSection(SolutionConfigurationPlatforms) = preSolution
		Debug|Any CPU = Debug|Any CPU
		Release|Any CPU = Release|Any CPU
	EndGlobalSection
	GlobalSection(ProjectConfigurationPlatforms) = postSolution
		{9689B2B8-F35B-405A-BFC1-557E8AD1FF95}.Debug|Any CPU.ActiveCfg = Debug|Any CPU
		{9689B2B8-F35B-405A-BFC1-557E8AD1FF95}.Debug|Any CPU.Build.0 = Debug|Any CPU
		{9689B2B8-F35B-405A-BFC1-557E8AD1FF95}.Release|Any CPU.ActiveCfg = Release|Any CPU
		{9689B2B8-F35B-405A-BFC1-557E8AD1FF95}.Release|Any CPU.Build.0 = Release|Any CPU
	EndGlobalSection
	GlobalSection(SolutionProperties) = preSolution
		HideSolutionNode = FALSE
	EndGlobalSection
	GlobalSection(ExtensibilityGlobals) = postSolution
		SolutionGuid = {3555CE1A-83F8-4FC8-A3CC-68FF7BD35E06}
	EndGlobalSection
EndGlobal
